<?xml version="1.0" encoding="utf-8"?>
<Project ToolsVersion="4.0" xmlns="http://schemas.microsoft.com/developer/msbuild/2003">
  <ItemGroup>
    <Filter Include="Source Files">
      <UniqueIdentifier>{4FC737F1-C7A5-4376-A066-2A32D752A2FF}</UniqueIdentifier>
      <Extensions>cpp;c;cc;cxx;def;odl;idl;hpj;bat;asm;asmx</Extensions>
    </Filter>
    <Filter Include="Resource Files">
      <UniqueIdentifier>{67DA6AB6-F800-4c08-8B7A-83BB121AAD01}</UniqueIdentifier>
      <Extensions>rc;ico;cur;bmp;dlg;rc2;rct;bin;rgs;gif;jpg;jpeg;jpe;resx;tiff;tif;png;wav;mfcribbon-ms</Extensions>
    </Filter>
    <Filter Include="Resource Files\Shaders">
      <UniqueIdentifier>{74d18c14-9b06-4f72-ae94-eb8133c88c1c}</UniqueIdentifier>
    </Filter>
    <Filter Include="Source Files\Camera">
      <UniqueIdentifier>{9c463473-23b9-42c4-8131-b91f4104c082}</UniqueIdentifier>
    </Filter>
    <Filter Include="Source Files\Model">
      <UniqueIdentifier>{05095d5c-2fc5-4dfe-a464-e30c7f31bdb5}</UniqueIdentifier>
    </Filter>
    <Filter Include="Resource Files\Scenes">
      <UniqueIdentifier>{3b2e1119-c64d-494f-9840-6ae6746aa7bd}</UniqueIdentifier>
    </Filter>
    <Filter Include="Resource Files\Images">
      <UniqueIdentifier>{94029c18-867f-4117-9a83-8640638ec5a6}</UniqueIdentifier>
    </Filter>
    <Filter Include="Source Files\SkyBox">
      <UniqueIdentifier>{8a4c5a70-ac26-40dd-bc15-6eea7a88d364}</UniqueIdentifier>
    </Filter>
    <Filter Include="Source Files\ModelSM">
      <UniqueIdentifier>{70c1c6d0-6b17-47f6-a878-0369a05b9f70}</UniqueIdentifier>
    </Filter>
    <Filter Include="Source Files\StateMachine">
      <UniqueIdentifier>{365e977e-c198-4aeb-aff0-adc2f5d3f9a5}</UniqueIdentifier>
    </Filter>
    <Filter Include="Source Files\Utility">
      <UniqueIdentifier>{590820e9-67fc-4044-8e0b-c68654529925}</UniqueIdentifier>
    </Filter>
    <Filter Include="Source Files\Particle">
      <UniqueIdentifier>{d033869f-a823-4b7d-86fe-5c941ea48b3c}</UniqueIdentifier>
    </Filter>
  </ItemGroup>
  <ItemGroup>
    <None Include="..\Source\Shaders\SolidColor.vertexshader">
      <Filter>Resource Files\Shaders</Filter>
    </None>
    <None Include="..\Source\Shaders\SolidColor.fragmentshader">
      <Filter>Resource Files\Shaders</Filter>
    </None>
    <None Include="..\Source\Shaders\BlueColor.fragmentshader">
      <Filter>Resource Files\Shaders</Filter>
    </None>
    <None Include="..\Scenes\VehicleTest.scene">
      <Filter>Resource Files\Scenes</Filter>
    </None>
    <None Include="..\Scenes\CoordinateSystem.scene">
      <Filter>Resource Files\Scenes</Filter>
    </None>
    <None Include="..\Source\Shaders\Gouraud.fragmentshader">
      <Filter>Resource Files\Shaders</Filter>
    </None>
    <None Include="..\Source\Shaders\Gouraud.vertexshader">
      <Filter>Resource Files\Shaders</Filter>
    </None>
    <None Include="..\Source\Shaders\Phong.fragmentshader">
      <Filter>Resource Files\Shaders</Filter>
    </None>
    <None Include="..\Source\Shaders\Phong.vertexshader">
      <Filter>Resource Files\Shaders</Filter>
    </None>
    <None Include="..\Source\Shaders\Texture.fragmentshader">
      <Filter>Resource Files\Shaders</Filter>
    </None>
    <None Include="..\Source\Shaders\Texture.vertexshader">
      <Filter>Resource Files\Shaders</Filter>
    </None>
    <None Include="..\Scenes\BSplineTest.scene">
      <Filter>Resource Files\Scenes</Filter>
    </None>
    <None Include="..\Source\Shaders\SimpleTransform.vertexshader">
      <Filter>Resource Files\Shaders</Filter>
    </None>
    <None Include="..\Source\Shaders\SingleColor.fragmentshader">
      <Filter>Resource Files\Shaders</Filter>
    </None>
    <None Include="..\Scenes\AlienTest.scene">
      <Filter>Resource Files\Scenes</Filter>
    </None>
    <None Include="..\Scenes\TankVehicle.scene">
      <Filter>Resource Files\Scenes</Filter>
    </None>
    <None Include="..\Scenes\RayCastTest.scene">
      <Filter>Resource Files\Scenes</Filter>
    </None>
    <None Include="..\Scenes\Sun.scene">
      <Filter>Resource Files\Scenes</Filter>
    </None>
    <None Include="..\Scenes\StateMachineTest.scene">
      <Filter>Resource Files\Scenes</Filter>
    </None>
  </ItemGroup>
  <ItemGroup>
    <ClCompile Include="..\Source\EventManager.cpp">
      <Filter>Source Files</Filter>
    </ClCompile>
    <ClCompile Include="..\Source\main.cpp">
      <Filter>Source Files</Filter>
    </ClCompile>
    <ClCompile Include="..\Source\Renderer.cpp">
      <Filter>Source Files</Filter>
    </ClCompile>
    <ClCompile Include="..\Source\StaticCamera.cpp">
      <Filter>Source Files\Camera</Filter>
    </ClCompile>
    <ClCompile Include="..\Source\Camera.cpp">
      <Filter>Source Files\Camera</Filter>
    </ClCompile>
    <ClCompile Include="..\Source\Model.cpp">
      <Filter>Source Files\Model</Filter>
    </ClCompile>
    <ClCompile Include="..\Source\VehicleModel.cpp">
      <Filter>Source Files\Model</Filter>
    </ClCompile>
    <ClCompile Include="..\Source\FirstPersonCamera.cpp">
      <Filter>Source Files\Camera</Filter>
    </ClCompile>
    <ClCompile Include="..\Source\World.cpp">
      <Filter>Source Files</Filter>
    </ClCompile>
    <ClCompile Include="..\Source\LightModel.cpp">
      <Filter>Source Files\Model</Filter>
    </ClCompile>
    <ClCompile Include="..\Source\SphereModel.cpp">
      <Filter>Source Files\Model</Filter>
    </ClCompile>
    <ClCompile Include="SkyBox.cpp">
      <Filter>Source Files\SkyBox</Filter>
    </ClCompile>
    <ClCompile Include="..\Source\objloader.cpp">
      <Filter>Source Files\Model</Filter>
    </ClCompile>
    <ClCompile Include="..\Source\BSpline.cpp">
      <Filter>Source Files\Model</Filter>
    </ClCompile>
    <ClCompile Include="..\Source\MoonModel.cpp">
      <Filter>Source Files\Model</Filter>
    </ClCompile>
    <ClCompile Include="..\Source\SunModel.cpp">
      <Filter>Source Files\Model</Filter>
    </ClCompile>
    <ClCompile Include="..\Source\CubeModel.cpp">
      <Filter>Source Files\Model</Filter>
    </ClCompile>
    <ClCompile Include="..\Source\BoundingBox.cpp">
      <Filter>Source Files\Model</Filter>
    </ClCompile>
    <ClCompile Include="..\Source\mesh.cpp">
      <Filter>Source Files</Filter>
    </ClCompile>
    <ClCompile Include="..\Source\sceneLoader.cpp">
      <Filter>Source Files</Filter>
    </ClCompile>
    <ClCompile Include="..\Source\AlienModel.cpp">
      <Filter>Source Files\Model</Filter>
    </ClCompile>
    <ClCompile Include="..\Source\FreeLookCamera.cpp">
      <Filter>Source Files\Camera</Filter>
    </ClCompile>
    <ClCompile Include="..\Source\ThirdPersonCamera.cpp">
      <Filter>Source Files\Camera</Filter>
    </ClCompile>
    <ClCompile Include="..\Source\TankModel.cpp">
      <Filter>Source Files\Model</Filter>
    </ClCompile>
    <ClCompile Include="..\Source\TexturedCube.cpp">
      <Filter>Source Files\Model</Filter>
    </ClCompile>
    <ClCompile Include="..\Source\RayCast.cpp">
      <Filter>Source Files\Utility</Filter>
    </ClCompile>
    <ClCompile Include="..\Source\TriangleModel.cpp">
      <Filter>Source Files\Model</Filter>
    </ClCompile>
    <ClCompile Include="..\Source\Particle.cpp">
      <Filter>Source Files\Particle</Filter>
    </ClCompile>
    <ClCompile Include="..\Source\ParticleEmitter.cpp">
      <Filter>Source Files\Particle</Filter>
    </ClCompile>
    <ClCompile Include="..\Source\CubeParticle.cpp">
      <Filter>Source Files\Particle</Filter>
    </ClCompile>
    <ClCompile Include="..\Source\AlienCubeModel.cpp">
      <Filter>Source Files\Model</Filter>
    </ClCompile>
    <ClCompile Include="..\Source\Missile.cpp">
      <Filter>Source Files\Model</Filter>
    </ClCompile>
    <ClCompile Include="..\Source\CubeModelSM.cpp">
      <Filter>Source Files\ModelSM</Filter>
    </ClCompile>
    <ClCompile Include="..\Source\SMController.cpp">
      <Filter>Source Files\StateMachine</Filter>
    </ClCompile>
    <ClCompile Include="..\Source\CubeSMController.cpp">
      <Filter>Source Files\StateMachine</Filter>
    </ClCompile>
    <ClCompile Include="..\Source\State.cpp">
      <Filter>Source Files\StateMachine</Filter>
    </ClCompile>
    <ClCompile Include="..\Source\CubeMovingState.cpp">
      <Filter>Source Files\StateMachine</Filter>
    </ClCompile>
    <ClCompile Include="..\Source\CubeIdleState.cpp">
      <Filter>Source Files\StateMachine</Filter>
    </ClCompile>
    <ClCompile Include="..\Source\BulletModel.cpp">
      <Filter>Source Files\Model</Filter>
    </ClCompile>
  </ItemGroup>
  <ItemGroup>
    <ClInclude Include="..\Source\EventManager.h">
      <Filter>Source Files</Filter>
    </ClInclude>
    <ClInclude Include="..\Source\Renderer.h">
      <Filter>Source Files</Filter>
    </ClInclude>
    <ClInclude Include="..\Source\StaticCamera.h">
      <Filter>Source Files\Camera</Filter>
    </ClInclude>
    <ClInclude Include="..\Source\Camera.h">
      <Filter>Source Files\Camera</Filter>
    </ClInclude>
    <ClInclude Include="..\Source\Model.h">
      <Filter>Source Files\Model</Filter>
    </ClInclude>
    <ClInclude Include="..\Source\VehicleModel.h">
      <Filter>Source Files\Model</Filter>
    </ClInclude>
    <ClInclude Include="..\Source\FirstPersonCamera.h">
      <Filter>Source Files\Camera</Filter>
    </ClInclude>
    <ClInclude Include="..\Source\World.h">
      <Filter>Source Files</Filter>
    </ClInclude>
    <ClInclude Include="..\Source\ParsingHelper.h">
      <Filter>Source Files</Filter>
    </ClInclude>
    <ClInclude Include="..\Source\LightModel.h">
      <Filter>Source Files\Model</Filter>
    </ClInclude>
    <ClInclude Include="..\Source\SphereModel.h">
      <Filter>Source Files\Model</Filter>
    </ClInclude>
    <ClInclude Include="SkyBox.h">
      <Filter>Source Files\SkyBox</Filter>
    </ClInclude>
    <ClInclude Include="..\Source\texture.hpp" />
    <ClInclude Include="..\Source\objloader.hpp">
      <Filter>Source Files\Model</Filter>
    </ClInclude>
    <ClInclude Include="..\Source\BSpline.h">
      <Filter>Source Files\Model</Filter>
    </ClInclude>
    <ClInclude Include="..\Source\CubeModel.h">
      <Filter>Source Files\Model</Filter>
    </ClInclude>
    <ClInclude Include="..\Source\BoundingBox.h">
      <Filter>Source Files\Model</Filter>
    </ClInclude>
    <ClInclude Include="..\Source\mesh.h">
      <Filter>Source Files</Filter>
    </ClInclude>
    <ClInclude Include="..\Source\meshData.h">
      <Filter>Source Files</Filter>
    </ClInclude>
    <ClInclude Include="..\Source\sceneLoader.h">
      <Filter>Source Files</Filter>
    </ClInclude>
    <ClInclude Include="..\Source\AlienModel.h">
      <Filter>Source Files\Model</Filter>
    </ClInclude>
    <ClInclude Include="..\Source\FreeLookCamera.h">
      <Filter>Source Files\Camera</Filter>
    </ClInclude>
    <ClInclude Include="..\Source\ThirdPersonCamera.h">
      <Filter>Source Files\Camera</Filter>
    </ClInclude>
    <ClInclude Include="..\Source\TankModel.h">
      <Filter>Source Files\Model</Filter>
    </ClInclude>
    <ClInclude Include="..\Source\TexturedCube.h">
      <Filter>Source Files\Model</Filter>
    </ClInclude>
    <ClInclude Include="..\Source\CubeModelSM.h">
      <Filter>Source Files\ModelSM</Filter>
    </ClInclude>
    <ClInclude Include="..\Source\SMController.h">
      <Filter>Source Files\StateMachine</Filter>
    </ClInclude>
    <ClInclude Include="..\Source\CubeSMController.h">
      <Filter>Source Files\StateMachine</Filter>
    </ClInclude>
    <ClInclude Include="..\Source\State.h">
      <Filter>Source Files\StateMachine</Filter>
    </ClInclude>
    <ClInclude Include="..\Source\CubeMovingState.h">
      <Filter>Source Files\StateMachine</Filter>
    </ClInclude>
    <ClInclude Include="..\Source\RayCast.h">
      <Filter>Source Files\Utility</Filter>
    </ClInclude>
    <ClInclude Include="..\Source\TriangleModel.h">
      <Filter>Source Files\Model</Filter>
    </ClInclude>
    <ClInclude Include="..\Source\Particle.h">
      <Filter>Source Files\Particle</Filter>
    </ClInclude>
    <ClInclude Include="..\Source\ParticleEmitter.h">
      <Filter>Source Files\Particle</Filter>
    </ClInclude>
    <ClInclude Include="..\Source\CubeParticle.h">
      <Filter>Source Files\Particle</Filter>
    </ClInclude>
    <ClInclude Include="..\Source\MoonModel.h">
      <Filter>Source Files\Model</Filter>
    </ClInclude>
    <ClInclude Include="..\Source\SunModel.h">
      <Filter>Source Files\Model</Filter>
    </ClInclude>
    <ClInclude Include="..\Source\AlienCubeModel.h">
      <Filter>Source Files\Model</Filter>
    </ClInclude>
    <ClInclude Include="..\Source\Missile.h">
      <Filter>Source Files\Model</Filter>
    </ClInclude>
    <ClInclude Include="..\Source\CubeIdleState.h">
      <Filter>Source Files\StateMachine</Filter>
    </ClInclude>
    <ClInclude Include="..\Source\BulletModel.h">
      <Filter>Source Files\Model</Filter>
    </ClInclude>
  </ItemGroup>
  <ItemGroup>
    <Image Include="..\..\..\..\Pictures\Skybox\alien_skybox.jpg">
      <Filter>Resource Files\Images</Filter>
    </Image>
  </ItemGroup>
</Project>