<?xml version="1.0" encoding="utf-8"?>
<Project ToolsVersion="4.0" xmlns="http://schemas.microsoft.com/developer/msbuild/2003">
  <ItemGroup>
    <Filter Include="Source Files">
      <UniqueIdentifier>{4FC737F1-C7A5-4376-A066-2A32D752A2FF}</UniqueIdentifier>
      <Extensions>cpp;c;cc;cxx;def;odl;idl;hpj;bat;asm;asmx</Extensions>
    </Filter>
    <Filter Include="Resource Files">
      <UniqueIdentifier>{67DA6AB6-F800-4c08-8B7A-83BB121AAD01}</UniqueIdentifier>
      <Extensions>rc;ico;cur;bmp;dlg;rc2;rct;bin;rgs;gif;jpg;jpeg;jpe;resx;tiff;tif;png;wav;mfcribbon-ms</Extensions>
    </Filter>
    <Filter Include="Resource Files\Shaders">
      <UniqueIdentifier>{74d18c14-9b06-4f72-ae94-eb8133c88c1c}</UniqueIdentifier>
    </Filter>
    <Filter Include="Source Files\Camera">
      <UniqueIdentifier>{9c463473-23b9-42c4-8131-b91f4104c082}</UniqueIdentifier>
    </Filter>
    <Filter Include="Source Files\Model">
      <UniqueIdentifier>{05095d5c-2fc5-4dfe-a464-e30c7f31bdb5}</UniqueIdentifier>
    </Filter>
    <Filter Include="Resource Files\Scenes">
      <UniqueIdentifier>{3b2e1119-c64d-494f-9840-6ae6746aa7bd}</UniqueIdentifier>
    </Filter>
  </ItemGroup>
  <ItemGroup>
    <None Include="..\Source\Shaders\SolidColor.vertexshader">
      <Filter>Resource Files\Shaders</Filter>
    </None>
    <None Include="..\Source\Shaders\SolidColor.fragmentshader">
      <Filter>Resource Files\Shaders</Filter>
    </None>
    <None Include="..\Source\Shaders\BlueColor.fragmentshader">
      <Filter>Resource Files\Shaders</Filter>
    </None>
    <None Include="..\Scenes\VehicleTest.scene">
      <Filter>Resource Files\Scenes</Filter>
    </None>
    <None Include="..\Scenes\CoordinateSystem.scene">
      <Filter>Resource Files\Scenes</Filter>
    </None>
  </ItemGroup>
  <ItemGroup>
    <ClCompile Include="..\Source\EventManager.cpp">
      <Filter>Source Files</Filter>
    </ClCompile>
    <ClCompile Include="..\Source\main.cpp">
      <Filter>Source Files</Filter>
    </ClCompile>
    <ClCompile Include="..\Source\Renderer.cpp">
      <Filter>Source Files</Filter>
    </ClCompile>
    <ClCompile Include="..\Source\StaticCamera.cpp">
      <Filter>Source Files\Camera</Filter>
    </ClCompile>
    <ClCompile Include="..\Source\Camera.cpp">
      <Filter>Source Files\Camera</Filter>
    </ClCompile>
    <ClCompile Include="..\Source\Model.cpp">
      <Filter>Source Files\Model</Filter>
    </ClCompile>
    <ClCompile Include="..\Source\CubeModel.cpp">
      <Filter>Source Files\Model</Filter>
    </ClCompile>
    <ClCompile Include="..\Source\VehicleModel.cpp">
      <Filter>Source Files\Model</Filter>
    </ClCompile>
    <ClCompile Include="..\Source\FirstPersonCamera.cpp">
      <Filter>Source Files\Camera</Filter>
    </ClCompile>
    <ClCompile Include="..\Source\World.cpp">
      <Filter>Source Files</Filter>
    </ClCompile>
  </ItemGroup>
  <ItemGroup>
    <ClInclude Include="..\Source\EventManager.h">
      <Filter>Source Files</Filter>
    </ClInclude>
    <ClInclude Include="..\Source\Renderer.h">
      <Filter>Source Files</Filter>
    </ClInclude>
    <ClInclude Include="..\Source\StaticCamera.h">
      <Filter>Source Files\Camera</Filter>
    </ClInclude>
    <ClInclude Include="..\Source\Camera.h">
      <Filter>Source Files\Camera</Filter>
    </ClInclude>
    <ClInclude Include="..\Source\Model.h">
      <Filter>Source Files\Model</Filter>
    </ClInclude>
    <ClInclude Include="..\Source\CubeModel.h">
      <Filter>Source Files\Model</Filter>
    </ClInclude>
    <ClInclude Include="..\Source\VehicleModel.h">
      <Filter>Source Files\Model</Filter>
    </ClInclude>
    <ClInclude Include="..\Source\FirstPersonCamera.h">
      <Filter>Source Files\Camera</Filter>
    </ClInclude>
    <ClInclude Include="..\Source\World.h">
      <Filter>Source Files</Filter>
    </ClInclude>
    <ClInclude Include="..\Source\ParsingHelper.h">
      <Filter>Source Files</Filter>
    </ClInclude>
  </ItemGroup>
</Project>